// !$*UTF8*$!
{
	archiveVersion = 1;
	classes = {
	};
	objectVersion = 50;
	objects = {

/* Begin PBXBuildFile section */
		CB07072D22F49FCA00212DA2 /* CustomCell.swift in Sources */ = {isa = PBXBuildFile; fileRef = CB07072C22F49FCA00212DA2 /* CustomCell.swift */; };
		CB7AAE7D22F0C2AA009D54D4 /* PhotosViewController.swift in Sources */ = {isa = PBXBuildFile; fileRef = CB7AAE7C22F0C2AA009D54D4 /* PhotosViewController.swift */; };
		CB86DEEC22E8C8FB00B53E45 /* AppDelegate.swift in Sources */ = {isa = PBXBuildFile; fileRef = CB86DEEB22E8C8FB00B53E45 /* AppDelegate.swift */; };
		CB86DEEE22E8C8FB00B53E45 /* MapViewController.swift in Sources */ = {isa = PBXBuildFile; fileRef = CB86DEED22E8C8FB00B53E45 /* MapViewController.swift */; };
		CB86DEF122E8C8FB00B53E45 /* Main.storyboard in Resources */ = {isa = PBXBuildFile; fileRef = CB86DEEF22E8C8FB00B53E45 /* Main.storyboard */; };
		CB86DEF422E8C8FB00B53E45 /* VirtualTourist.xcdatamodeld in Sources */ = {isa = PBXBuildFile; fileRef = CB86DEF222E8C8FB00B53E45 /* VirtualTourist.xcdatamodeld */; };
		CB86DEF622E8C8FB00B53E45 /* Assets.xcassets in Resources */ = {isa = PBXBuildFile; fileRef = CB86DEF522E8C8FB00B53E45 /* Assets.xcassets */; };
		CB86DEF922E8C8FB00B53E45 /* LaunchScreen.storyboard in Resources */ = {isa = PBXBuildFile; fileRef = CB86DEF722E8C8FB00B53E45 /* LaunchScreen.storyboard */; };
		CB86DF0322E8D88600B53E45 /* DataController.swift in Sources */ = {isa = PBXBuildFile; fileRef = CB86DF0222E8D88600B53E45 /* DataController.swift */; };
		CBA5D12D22EF6B2D00143572 /* FlickrClient.swift in Sources */ = {isa = PBXBuildFile; fileRef = CBA5D12C22EF6B2D00143572 /* FlickrClient.swift */; };
		CBC55664233D1CC100C53E29 /* MapViewController+Extensions.swift in Sources */ = {isa = PBXBuildFile; fileRef = CBC55663233D1CC100C53E29 /* MapViewController+Extensions.swift */; };
		CBC55666233D1D6500C53E29 /* PhotosViewController+Extensions.swift in Sources */ = {isa = PBXBuildFile; fileRef = CBC55665233D1D6500C53E29 /* PhotosViewController+Extensions.swift */; };
/* End PBXBuildFile section */

/* Begin PBXFileReference section */
		CB07072C22F49FCA00212DA2 /* CustomCell.swift */ = {isa = PBXFileReference; lastKnownFileType = sourcecode.swift; path = CustomCell.swift; sourceTree = "<group>"; };
		CB7AAE7C22F0C2AA009D54D4 /* PhotosViewController.swift */ = {isa = PBXFileReference; lastKnownFileType = sourcecode.swift; path = PhotosViewController.swift; sourceTree = "<group>"; };
		CB86DEE822E8C8FB00B53E45 /* VirtualTourist.app */ = {isa = PBXFileReference; explicitFileType = wrapper.application; includeInIndex = 0; path = VirtualTourist.app; sourceTree = BUILT_PRODUCTS_DIR; };
		CB86DEEB22E8C8FB00B53E45 /* AppDelegate.swift */ = {isa = PBXFileReference; lastKnownFileType = sourcecode.swift; path = AppDelegate.swift; sourceTree = "<group>"; };
		CB86DEED22E8C8FB00B53E45 /* MapViewController.swift */ = {isa = PBXFileReference; lastKnownFileType = sourcecode.swift; path = MapViewController.swift; sourceTree = "<group>"; };
		CB86DEF022E8C8FB00B53E45 /* Base */ = {isa = PBXFileReference; lastKnownFileType = file.storyboard; name = Base; path = Base.lproj/Main.storyboard; sourceTree = "<group>"; };
		CB86DEF322E8C8FB00B53E45 /* VirtualTourist.xcdatamodel */ = {isa = PBXFileReference; lastKnownFileType = wrapper.xcdatamodel; path = VirtualTourist.xcdatamodel; sourceTree = "<group>"; };
		CB86DEF522E8C8FB00B53E45 /* Assets.xcassets */ = {isa = PBXFileReference; lastKnownFileType = folder.assetcatalog; path = Assets.xcassets; sourceTree = "<group>"; };
		CB86DEF822E8C8FB00B53E45 /* Base */ = {isa = PBXFileReference; lastKnownFileType = file.storyboard; name = Base; path = Base.lproj/LaunchScreen.storyboard; sourceTree = "<group>"; };
		CB86DEFA22E8C8FB00B53E45 /* Info.plist */ = {isa = PBXFileReference; lastKnownFileType = text.plist.xml; path = Info.plist; sourceTree = "<group>"; };
		CB86DF0222E8D88600B53E45 /* DataController.swift */ = {isa = PBXFileReference; lastKnownFileType = sourcecode.swift; path = DataController.swift; sourceTree = "<group>"; };
		CBA5D12C22EF6B2D00143572 /* FlickrClient.swift */ = {isa = PBXFileReference; lastKnownFileType = sourcecode.swift; path = FlickrClient.swift; sourceTree = "<group>"; };
		CBC55663233D1CC100C53E29 /* MapViewController+Extensions.swift */ = {isa = PBXFileReference; lastKnownFileType = sourcecode.swift; path = "MapViewController+Extensions.swift"; sourceTree = "<group>"; };
		CBC55665233D1D6500C53E29 /* PhotosViewController+Extensions.swift */ = {isa = PBXFileReference; lastKnownFileType = sourcecode.swift; path = "PhotosViewController+Extensions.swift"; sourceTree = "<group>"; };
/* End PBXFileReference section */

/* Begin PBXFrameworksBuildPhase section */
		CB86DEE522E8C8FB00B53E45 /* Frameworks */ = {
			isa = PBXFrameworksBuildPhase;
			buildActionMask = 2147483647;
			files = (
			);
			runOnlyForDeploymentPostprocessing = 0;
		};
/* End PBXFrameworksBuildPhase section */

/* Begin PBXGroup section */
		CB045E0C22F0EEA300DD707A /* View */ = {
			isa = PBXGroup;
			children = (
				CB07072C22F49FCA00212DA2 /* CustomCell.swift */,
				CB86DEEF22E8C8FB00B53E45 /* Main.storyboard */,
				CB86DEF722E8C8FB00B53E45 /* LaunchScreen.storyboard */,
			);
			path = View;
			sourceTree = "<group>";
		};
		CB045E0D22F0EEC800DD707A /* Controller */ = {
			isa = PBXGroup;
			children = (
				CB86DEED22E8C8FB00B53E45 /* MapViewController.swift */,
				CB7AAE7C22F0C2AA009D54D4 /* PhotosViewController.swift */,
				CB86DEEB22E8C8FB00B53E45 /* AppDelegate.swift */,
				CBC55662233D1CAB00C53E29 /* Extensions */,
			);
			path = Controller;
			sourceTree = "<group>";
		};
		CB045E0E22F0EEE500DD707A /* Model */ = {
			isa = PBXGroup;
			children = (
				CB86DEF222E8C8FB00B53E45 /* VirtualTourist.xcdatamodeld */,
				CBA5D12C22EF6B2D00143572 /* FlickrClient.swift */,
				CB86DF0222E8D88600B53E45 /* DataController.swift */,
			);
			path = Model;
			sourceTree = "<group>";
		};
		CB86DEDF22E8C8FB00B53E45 = {
			isa = PBXGroup;
			children = (
				CB86DEEA22E8C8FB00B53E45 /* VirtualTourist */,
				CB86DEE922E8C8FB00B53E45 /* Products */,
			);
			sourceTree = "<group>";
		};
		CB86DEE922E8C8FB00B53E45 /* Products */ = {
			isa = PBXGroup;
			children = (
				CB86DEE822E8C8FB00B53E45 /* VirtualTourist.app */,
			);
			name = Products;
			sourceTree = "<group>";
		};
		CB86DEEA22E8C8FB00B53E45 /* VirtualTourist */ = {
			isa = PBXGroup;
			children = (
				CB045E0C22F0EEA300DD707A /* View */,
				CB045E0D22F0EEC800DD707A /* Controller */,
				CB045E0E22F0EEE500DD707A /* Model */,
				CB86DEF522E8C8FB00B53E45 /* Assets.xcassets */,
				CB86DEFA22E8C8FB00B53E45 /* Info.plist */,
			);
			path = VirtualTourist;
			sourceTree = "<group>";
		};
		CBC55662233D1CAB00C53E29 /* Extensions */ = {
			isa = PBXGroup;
			children = (
				CBC55663233D1CC100C53E29 /* MapViewController+Extensions.swift */,
				CBC55665233D1D6500C53E29 /* PhotosViewController+Extensions.swift */,
			);
			path = Extensions;
			sourceTree = "<group>";
		};
/* End PBXGroup section */

/* Begin PBXNativeTarget section */
		CB86DEE722E8C8FB00B53E45 /* VirtualTourist */ = {
			isa = PBXNativeTarget;
			buildConfigurationList = CB86DEFD22E8C8FB00B53E45 /* Build configuration list for PBXNativeTarget "VirtualTourist" */;
			buildPhases = (
				CB86DEE422E8C8FB00B53E45 /* Sources */,
				CB86DEE522E8C8FB00B53E45 /* Frameworks */,
				CB86DEE622E8C8FB00B53E45 /* Resources */,
			);
			buildRules = (
			);
			dependencies = (
			);
			name = VirtualTourist;
			productName = VirtualTourist;
			productReference = CB86DEE822E8C8FB00B53E45 /* VirtualTourist.app */;
			productType = "com.apple.product-type.application";
		};
/* End PBXNativeTarget section */

/* Begin PBXProject section */
		CB86DEE022E8C8FB00B53E45 /* Project object */ = {
			isa = PBXProject;
			attributes = {
				LastSwiftUpdateCheck = 1020;
				LastUpgradeCheck = 1020;
				ORGANIZATIONNAME = "Michael Maryanoff";
				TargetAttributes = {
					CB86DEE722E8C8FB00B53E45 = {
						CreatedOnToolsVersion = 10.2.1;
					};
				};
			};
			buildConfigurationList = CB86DEE322E8C8FB00B53E45 /* Build configuration list for PBXProject "VirtualTourist" */;
			compatibilityVersion = "Xcode 9.3";
			developmentRegion = en;
			hasScannedForEncodings = 0;
			knownRegions = (
				en,
				Base,
			);
			mainGroup = CB86DEDF22E8C8FB00B53E45;
			productRefGroup = CB86DEE922E8C8FB00B53E45 /* Products */;
			projectDirPath = "";
			projectRoot = "";
			targets = (
				CB86DEE722E8C8FB00B53E45 /* VirtualTourist */,
			);
		};
/* End PBXProject section */

/* Begin PBXResourcesBuildPhase section */
		CB86DEE622E8C8FB00B53E45 /* Resources */ = {
			isa = PBXResourcesBuildPhase;
			buildActionMask = 2147483647;
			files = (
				CB86DEF922E8C8FB00B53E45 /* LaunchScreen.storyboard in Resources */,
				CB86DEF622E8C8FB00B53E45 /* Assets.xcassets in Resources */,
				CB86DEF122E8C8FB00B53E45 /* Main.storyboard in Resources */,
			);
			runOnlyForDeploymentPostprocessing = 0;
		};
/* End PBXResourcesBuildPhase section */

/* Begin PBXSourcesBuildPhase section */
		CB86DEE422E8C8FB00B53E45 /* Sources */ = {
			isa = PBXSourcesBuildPhase;
			buildActionMask = 2147483647;
			files = (
				CB86DEEE22E8C8FB00B53E45 /* MapViewController.swift in Sources */,
				CBC55664233D1CC100C53E29 /* MapViewController+Extensions.swift in Sources */,
				CB86DF0322E8D88600B53E45 /* DataController.swift in Sources */,
				CB86DEEC22E8C8FB00B53E45 /* AppDelegate.swift in Sources */,
				CB7AAE7D22F0C2AA009D54D4 /* PhotosViewController.swift in Sources */,
				CBA5D12D22EF6B2D00143572 /* FlickrClient.swift in Sources */,
				CBC55666233D1D6500C53E29 /* PhotosViewController+Extensions.swift in Sources */,
				CB86DEF422E8C8FB00B53E45 /* VirtualTourist.xcdatamodeld in Sources */,
				CB07072D22F49FCA00212DA2 /* CustomCell.swift in Sources */,
			);
			runOnlyForDeploymentPostprocessing = 0;
		};
/* End PBXSourcesBuildPhase section */

/* Begin PBXVariantGroup section */
		CB86DEEF22E8C8FB00B53E45 /* Main.storyboard */ = {
			isa = PBXVariantGroup;
			children = (
				CB86DEF022E8C8FB00B53E45 /* Base */,
			);
			name = Main.storyboard;
			sourceTree = "<group>";
		};
		CB86DEF722E8C8FB00B53E45 /* LaunchScreen.storyboard */ = {
			isa = PBXVariantGroup;
			children = (
				CB86DEF822E8C8FB00B53E45 /* Base */,
			);
			name = LaunchScreen.storyboard;
			sourceTree = "<group>";
		};
/* End PBXVariantGroup section */

/* Begin XCBuildConfiguration section */
		CB86DEFB22E8C8FB00B53E45 /* Debug */ = {
			isa = XCBuildConfiguration;
			buildSettings = {
				ALWAYS_SEARCH_USER_PATHS = NO;
				CLANG_ANALYZER_NONNULL = YES;
				CLANG_ANALYZER_NUMBER_OBJECT_CONVERSION = YES_AGGRESSIVE;
				CLANG_CXX_LANGUAGE_STANDARD = "gnu++14";
				CLANG_CXX_LIBRARY = "libc++";
				CLANG_ENABLE_MODULES = YES;
				CLANG_ENABLE_OBJC_ARC = YES;
				CLANG_ENABLE_OBJC_WEAK = YES;
				CLANG_WARN_BLOCK_CAPTURE_AUTORELEASING = YES;
				CLANG_WARN_BOOL_CONVERSION = YES;
				CLANG_WARN_COMMA = YES;
				CLANG_WARN_CONSTANT_CONVERSION = YES;
				CLANG_WARN_DEPRECATED_OBJC_IMPLEMENTATIONS = YES;
				CLANG_WARN_DIRECT_OBJC_ISA_USAGE = YES_ERROR;
				CLANG_WARN_DOCUMENTATION_COMMENTS = YES;
				CLANG_WARN_EMPTY_BODY = YES;
				CLANG_WARN_ENUM_CONVERSION = YES;
				CLANG_WARN_INFINITE_RECURSION = YES;
				CLANG_WARN_INT_CONVERSION = YES;
				CLANG_WARN_NON_LITERAL_NULL_CONVERSION = YES;
				CLANG_WARN_OBJC_IMPLICIT_RETAIN_SELF = YES;
				CLANG_WARN_OBJC_LITERAL_CONVERSION = YES;
				CLANG_WARN_OBJC_ROOT_CLASS = YES_ERROR;
				CLANG_WARN_RANGE_LOOP_ANALYSIS = YES;
				CLANG_WARN_STRICT_PROTOTYPES = YES;
				CLANG_WARN_SUSPICIOUS_MOVE = YES;
				CLANG_WARN_UNGUARDED_AVAILABILITY = YES_AGGRESSIVE;
				CLANG_WARN_UNREACHABLE_CODE = YES;
				CLANG_WARN__DUPLICATE_METHOD_MATCH = YES;
				CODE_SIGN_IDENTITY = "iPhone Developer";
				COPY_PHASE_STRIP = NO;
				DEBUG_INFORMATION_FORMAT = dwarf;
				ENABLE_STRICT_OBJC_MSGSEND = YES;
				ENABLE_TESTABILITY = YES;
				GCC_C_LANGUAGE_STANDARD = gnu11;
				GCC_DYNAMIC_NO_PIC = NO;
				GCC_NO_COMMON_BLOCKS = YES;
				GCC_OPTIMIZATION_LEVEL = 0;
				GCC_PREPROCESSOR_DEFINITIONS = (
					"DEBUG=1",
					"$(inherited)",
				);
				GCC_WARN_64_TO_32_BIT_CONVERSION = YES;
				GCC_WARN_ABOUT_RETURN_TYPE = YES_ERROR;
				GCC_WARN_UNDECLARED_SELECTOR = YES;
				GCC_WARN_UNINITIALIZED_AUTOS = YES_AGGRESSIVE;
				GCC_WARN_UNUSED_FUNCTION = YES;
				GCC_WARN_UNUSED_VARIABLE = YES;
				IPHONEOS_DEPLOYMENT_TARGET = 12.2;
				MTL_ENABLE_DEBUG_INFO = INCLUDE_SOURCE;
				MTL_FAST_MATH = YES;
				ONLY_ACTIVE_ARCH = YES;
				SDKROOT = iphoneos;
				SWIFT_ACTIVE_COMPILATION_CONDITIONS = DEBUG;
				SWIFT_OPTIMIZATION_LEVEL = "-Onone";
			};
			name = Debug;
		};
		CB86DEFC22E8C8FB00B53E45 /* Release */ = {
			isa = XCBuildConfiguration;
			buildSettings = {
				ALWAYS_SEARCH_USER_PATHS = NO;
				CLANG_ANALYZER_NONNULL = YES;
				CLANG_ANALYZER_NUMBER_OBJECT_CONVERSION = YES_AGGRESSIVE;
				CLANG_CXX_LANGUAGE_STANDARD = "gnu++14";
				CLANG_CXX_LIBRARY = "libc++";
				CLANG_ENABLE_MODULES = YES;
				CLANG_ENABLE_OBJC_ARC = YES;
				CLANG_ENABLE_OBJC_WEAK = YES;
				CLANG_WARN_BLOCK_CAPTURE_AUTORELEASING = YES;
				CLANG_WARN_BOOL_CONVERSION = YES;
				CLANG_WARN_COMMA = YES;
				CLANG_WARN_CONSTANT_CONVERSION = YES;
				CLANG_WARN_DEPRECATED_OBJC_IMPLEMENTATIONS = YES;
				CLANG_WARN_DIRECT_OBJC_ISA_USAGE = YES_ERROR;
				CLANG_WARN_DOCUMENTATION_COMMENTS = YES;
				CLANG_WARN_EMPTY_BODY = YES;
				CLANG_WARN_ENUM_CONVERSION = YES;
				CLANG_WARN_INFINITE_RECURSION = YES;
				CLANG_WARN_INT_CONVERSION = YES;
				CLANG_WARN_NON_LITERAL_NULL_CONVERSION = YES;
				CLANG_WARN_OBJC_IMPLICIT_RETAIN_SELF = YES;
				CLANG_WARN_OBJC_LITERAL_CONVERSION = YES;
				CLANG_WARN_OBJC_ROOT_CLASS = YES_ERROR;
				CLANG_WARN_RANGE_LOOP_ANALYSIS = YES;
				CLANG_WARN_STRICT_PROTOTYPES = YES;
				CLANG_WARN_SUSPICIOUS_MOVE = YES;
				CLANG_WARN_UNGUARDED_AVAILABILITY = YES_AGGRESSIVE;
				CLANG_WARN_UNREACHABLE_CODE = YES;
				CLANG_WARN__DUPLICATE_METHOD_MATCH = YES;
				CODE_SIGN_IDENTITY = "iPhone Developer";
				COPY_PHASE_STRIP = NO;
				DEBUG_INFORMATION_FORMAT = "dwarf-with-dsym";
				ENABLE_NS_ASSERTIONS = NO;
				ENABLE_STRICT_OBJC_MSGSEND = YES;
				GCC_C_LANGUAGE_STANDARD = gnu11;
				GCC_NO_COMMON_BLOCKS = YES;
				GCC_WARN_64_TO_32_BIT_CONVERSION = YES;
				GCC_WARN_ABOUT_RETURN_TYPE = YES_ERROR;
				GCC_WARN_UNDECLARED_SELECTOR = YES;
				GCC_WARN_UNINITIALIZED_AUTOS = YES_AGGRESSIVE;
				GCC_WARN_UNUSED_FUNCTION = YES;
				GCC_WARN_UNUSED_VARIABLE = YES;
				IPHONEOS_DEPLOYMENT_TARGET = 12.2;
				MTL_ENABLE_DEBUG_INFO = NO;
				MTL_FAST_MATH = YES;
				SDKROOT = iphoneos;
				SWIFT_COMPILATION_MODE = wholemodule;
				SWIFT_OPTIMIZATION_LEVEL = "-O";
				VALIDATE_PRODUCT = YES;
			};
			name = Release;
		};
		CB86DEFE22E8C8FB00B53E45 /* Debug */ = {
			isa = XCBuildConfiguration;
			buildSettings = {
				ASSETCATALOG_COMPILER_APPICON_NAME = AppIcon;
				CODE_SIGN_STYLE = Automatic;
				DEVELOPMENT_TEAM = 4DPU8RFFB2;
				INFOPLIST_FILE = VirtualTourist/Info.plist;
				LD_RUNPATH_SEARCH_PATHS = (
					"$(inherited)",
					"@executable_path/Frameworks",
				);
				PRODUCT_BUNDLE_IDENTIFIER = MichaelMaryanoff.VirtualTourist;
				PRODUCT_NAME = "$(TARGET_NAME)";
				SWIFT_VERSION = 5.0;
				TARGETED_DEVICE_FAMILY = "1,2";
			};
			name = Debug;
		};
		CB86DEFF22E8C8FB00B53E45 /* Release */ = {
			isa = XCBuildConfiguration;
			buildSettings = {
				ASSETCATALOG_COMPILER_APPICON_NAME = AppIcon;
				CODE_SIGN_STYLE = Automatic;
				DEVELOPMENT_TEAM = 4DPU8RFFB2;
				INFOPLIST_FILE = VirtualTourist/Info.plist;
				LD_RUNPATH_SEARCH_PATHS = (
					"$(inherited)",
					"@executable_path/Frameworks",
				);
				PRODUCT_BUNDLE_IDENTIFIER = MichaelMaryanoff.VirtualTourist;
				PRODUCT_NAME = "$(TARGET_NAME)";
				SWIFT_VERSION = 5.0;
				TARGETED_DEVICE_FAMILY = "1,2";
			};
			name = Release;
		};
/* End XCBuildConfiguration section */

/* Begin XCConfigurationList section */
		CB86DEE322E8C8FB00B53E45 /* Build configuration list for PBXProject "VirtualTourist" */ = {
			isa = XCConfigurationList;
			buildConfigurations = (
				CB86DEFB22E8C8FB00B53E45 /* Debug */,
				CB86DEFC22E8C8FB00B53E45 /* Release */,
			);
			defaultConfigurationIsVisible = 0;
			defaultConfigurationName = Release;
		};
		CB86DEFD22E8C8FB00B53E45 /* Build configuration list for PBXNativeTarget "VirtualTourist" */ = {
			isa = XCConfigurationList;
			buildConfigurations = (
				CB86DEFE22E8C8FB00B53E45 /* Debug */,
				CB86DEFF22E8C8FB00B53E45 /* Release */,
			);
			defaultConfigurationIsVisible = 0;
			defaultConfigurationName = Release;
		};
/* End XCConfigurationList section */

/* Begin XCVersionGroup section */
		CB86DEF222E8C8FB00B53E45 /* VirtualTourist.xcdatamodeld */ = {
			isa = XCVersionGroup;
			children = (
				CB86DEF322E8C8FB00B53E45 /* VirtualTourist.xcdatamodel */,
			);
			currentVersion = CB86DEF322E8C8FB00B53E45 /* VirtualTourist.xcdatamodel */;
			path = VirtualTourist.xcdatamodeld;
			sourceTree = "<group>";
			versionGroupType = wrapper.xcdatamodel;
		};
/* End XCVersionGroup section */
	};
	rootObject = CB86DEE022E8C8FB00B53E45 /* Project object */;
}
